
Microsoft Visual Studio Solution File, Format Version 12.00
# Visual Studio 15
VisualStudioVersion = 15.0.27004.2005
MinimumVisualStudioVersion = 10.0.40219.1
Project("{9A19103F-16F7-4668-BE54-9A1E7A4F7556}") = "YahooFinanceApi", "YahooFinanceApi\YahooFinanceApi.csproj", "{D0A21731-43CB-44C3-8A6C-D53F75CD2BEE}"
EndProject
Project("{9A19103F-16F7-4668-BE54-9A1E7A4F7556}") = "YahooFinanceApi.Tests", "YahooFinanceApi.Tests\YahooFinanceApi.Tests.csproj", "{1A68EA70-E96B-4E00-95BA-83B32D884228}"
EndProject
Global
	GlobalSection(SolutionConfigurationPlatforms) = preSolution
		Debug|Any CPU = Debug|Any CPU
		Debug|x64 = Debug|x64
		Debug|x86 = Debug|x86
		Release|Any CPU = Release|Any CPU
		Release|x64 = Release|x64
		Release|x86 = Release|x86
	EndGlobalSection
	GlobalSection(ProjectConfigurationPlatforms) = postSolution
		{D0A21731-43CB-44C3-8A6C-D53F75CD2BEE}.Debug|Any CPU.ActiveCfg = Debug|Any CPU
		{D0A21731-43CB-44C3-8A6C-D53F75CD2BEE}.Debug|Any CPU.Build.0 = Debug|Any CPU
		{D0A21731-43CB-44C3-8A6C-D53F75CD2BEE}.Debug|x64.ActiveCfg = Debug|Any CPU
		{D0A21731-43CB-44C3-8A6C-D53F75CD2BEE}.Debug|x64.Build.0 = Debug|Any CPU
		{D0A21731-43CB-44C3-8A6C-D53F75CD2BEE}.Debug|x86.ActiveCfg = Debug|Any CPU
		{D0A21731-43CB-44C3-8A6C-D53F75CD2BEE}.Debug|x86.Build.0 = Debug|Any CPU
		{D0A21731-43CB-44C3-8A6C-D53F75CD2BEE}.Release|Any CPU.ActiveCfg = Release|Any CPU
		{D0A21731-43CB-44C3-8A6C-D53F75CD2BEE}.Release|Any CPU.Build.0 = Release|Any CPU
		{D0A21731-43CB-44C3-8A6C-D53F75CD2BEE}.Release|x64.ActiveCfg = Release|Any CPU
		{D0A21731-43CB-44C3-8A6C-D53F75CD2BEE}.Release|x64.Build.0 = Release|Any CPU
		{D0A21731-43CB-44C3-8A6C-D53F75CD2BEE}.Release|x86.ActiveCfg = Release|Any CPU
		{D0A21731-43CB-44C3-8A6C-D53F75CD2BEE}.Release|x86.Build.0 = Release|Any CPU
		{1A68EA70-E96B-4E00-95BA-83B32D884228}.Debug|Any CPU.ActiveCfg = Debug|Any CPU
		{1A68EA70-E96B-4E00-95BA-83B32D884228}.Debug|Any CPU.Build.0 = Debug|Any CPU
		{1A68EA70-E96B-4E00-95BA-83B32D884228}.Debug|x64.ActiveCfg = Debug|Any CPU
		{1A68EA70-E96B-4E00-95BA-83B32D884228}.Debug|x64.Build.0 = Debug|Any CPU
		{1A68EA70-E96B-4E00-95BA-83B32D884228}.Debug|x86.ActiveCfg = Debug|Any CPU
		{1A68EA70-E96B-4E00-95BA-83B32D884228}.Debug|x86.Build.0 = Debug|Any CPU
		{1A68EA70-E96B-4E00-95BA-83B32D884228}.Release|Any CPU.ActiveCfg = Release|Any CPU
		{1A68EA70-E96B-4E00-95BA-83B32D884228}.Release|Any CPU.Build.0 = Release|Any CPU
		{1A68EA70-E96B-4E00-95BA-83B32D884228}.Release|x64.ActiveCfg = Release|Any CPU
		{1A68EA70-E96B-4E00-95BA-83B32D884228}.Release|x64.Build.0 = Release|Any CPU
		{1A68EA70-E96B-4E00-95BA-83B32D884228}.Release|x86.ActiveCfg = Release|Any CPU
		{1A68EA70-E96B-4E00-95BA-83B32D884228}.Release|x86.Build.0 = Release|Any CPU
	EndGlobalSection
	GlobalSection(SolutionProperties) = preSolution
		HideSolutionNode = FALSE
	EndGlobalSection
	GlobalSection(ExtensibilityGlobals) = postSolution
		SolutionGuid = {F04630DC-D1A8-4DD0-9AF3-DBA5967F9479}
	EndGlobalSection
EndGlobal
